
Microsoft Visual Studio Solution File, Format Version 12.00
# Visual Studio 15
VisualStudioVersion = 15.0.28307.421
MinimumVisualStudioVersion = 10.0.40219.1
Project("{9A19103F-16F7-4668-BE54-9A1E7A4F7556}") = "HabFitAPI", "HabFitAPI\HabFitAPI.csproj", "{4B78CDE0-955F-47DB-8018-90CB59A46A36}"
EndProject
Project("{9A19103F-16F7-4668-BE54-9A1E7A4F7556}") = "HabFitAPI.Data", "HabFitAPI.Data\HabFitAPI.Data.csproj", "{E2502355-01D3-436C-B6A0-EE29FE8EAC51}"
EndProject
Project("{9A19103F-16F7-4668-BE54-9A1E7A4F7556}") = "HabFitAPI.Entities", "HabFitAPI.Entities\HabFitAPI.Entities.csproj", "{0E98A815-674C-4BD2-ACC6-5E02074FD16C}"
EndProject
Project("{9A19103F-16F7-4668-BE54-9A1E7A4F7556}") = "HabFitAPI.Business", "HabFitAPI.Business\HabFitAPI.Business.csproj", "{9D3449CE-ECEE-43FD-949D-AC2EF07A319C}"
EndProject
Project("{9A19103F-16F7-4668-BE54-9A1E7A4F7556}") = "HabFitAPI.Contract", "HabFitAPI.Contract\HabFitAPI.Contract.csproj", "{FBCF9122-2755-4EB8-A3CB-E4C0F0EB5F45}"
EndProject
Project("{FAE04EC0-301F-11D3-BF4B-00C04F79EFBC}") = "HabFit.Common", "HabFit.Common\HabFit.Common.csproj", "{7529E7F0-6062-4761-98E1-A50C1747AAC4}"
EndProject
Global
	GlobalSection(SolutionConfigurationPlatforms) = preSolution
		Debug|Any CPU = Debug|Any CPU
		Release|Any CPU = Release|Any CPU
	EndGlobalSection
	GlobalSection(ProjectConfigurationPlatforms) = postSolution
		{4B78CDE0-955F-47DB-8018-90CB59A46A36}.Debug|Any CPU.ActiveCfg = Debug|Any CPU
		{4B78CDE0-955F-47DB-8018-90CB59A46A36}.Debug|Any CPU.Build.0 = Debug|Any CPU
		{4B78CDE0-955F-47DB-8018-90CB59A46A36}.Release|Any CPU.ActiveCfg = Release|Any CPU
		{4B78CDE0-955F-47DB-8018-90CB59A46A36}.Release|Any CPU.Build.0 = Release|Any CPU
		{E2502355-01D3-436C-B6A0-EE29FE8EAC51}.Debug|Any CPU.ActiveCfg = Debug|Any CPU
		{E2502355-01D3-436C-B6A0-EE29FE8EAC51}.Debug|Any CPU.Build.0 = Debug|Any CPU
		{E2502355-01D3-436C-B6A0-EE29FE8EAC51}.Release|Any CPU.ActiveCfg = Release|Any CPU
		{E2502355-01D3-436C-B6A0-EE29FE8EAC51}.Release|Any CPU.Build.0 = Release|Any CPU
		{0E98A815-674C-4BD2-ACC6-5E02074FD16C}.Debug|Any CPU.ActiveCfg = Debug|Any CPU
		{0E98A815-674C-4BD2-ACC6-5E02074FD16C}.Debug|Any CPU.Build.0 = Debug|Any CPU
		{0E98A815-674C-4BD2-ACC6-5E02074FD16C}.Release|Any CPU.ActiveCfg = Release|Any CPU
		{0E98A815-674C-4BD2-ACC6-5E02074FD16C}.Release|Any CPU.Build.0 = Release|Any CPU
		{9D3449CE-ECEE-43FD-949D-AC2EF07A319C}.Debug|Any CPU.ActiveCfg = Debug|Any CPU
		{9D3449CE-ECEE-43FD-949D-AC2EF07A319C}.Debug|Any CPU.Build.0 = Debug|Any CPU
		{9D3449CE-ECEE-43FD-949D-AC2EF07A319C}.Release|Any CPU.ActiveCfg = Release|Any CPU
		{9D3449CE-ECEE-43FD-949D-AC2EF07A319C}.Release|Any CPU.Build.0 = Release|Any CPU
		{FBCF9122-2755-4EB8-A3CB-E4C0F0EB5F45}.Debug|Any CPU.ActiveCfg = Debug|Any CPU
		{FBCF9122-2755-4EB8-A3CB-E4C0F0EB5F45}.Debug|Any CPU.Build.0 = Debug|Any CPU
		{FBCF9122-2755-4EB8-A3CB-E4C0F0EB5F45}.Release|Any CPU.ActiveCfg = Release|Any CPU
		{FBCF9122-2755-4EB8-A3CB-E4C0F0EB5F45}.Release|Any CPU.Build.0 = Release|Any CPU
		{7529E7F0-6062-4761-98E1-A50C1747AAC4}.Debug|Any CPU.ActiveCfg = Debug|Any CPU
		{7529E7F0-6062-4761-98E1-A50C1747AAC4}.Debug|Any CPU.Build.0 = Debug|Any CPU
		{7529E7F0-6062-4761-98E1-A50C1747AAC4}.Release|Any CPU.ActiveCfg = Release|Any CPU
		{7529E7F0-6062-4761-98E1-A50C1747AAC4}.Release|Any CPU.Build.0 = Release|Any CPU
	EndGlobalSection
	GlobalSection(SolutionProperties) = preSolution
		HideSolutionNode = FALSE
	EndGlobalSection
	GlobalSection(ExtensibilityGlobals) = postSolution
		SolutionGuid = {5E2F0368-B9EB-488F-BBD1-A01E1E746E48}
	EndGlobalSection
EndGlobal
